
Microsoft Visual Studio Solution File, Format Version 12.00
# Visual Studio Version 16
VisualStudioVersion = 16.0.32602.291
MinimumVisualStudioVersion = 10.0.40219.1
Project("{9A19103F-16F7-4668-BE54-9A1E7A4F7556}") = "MXTargetBank", "MXTargetBank.csproj", "{EDBDDE2B-9ED4-4D2D-A4E5-340D63FF569E}"
EndProject
Global
	GlobalSection(SolutionConfigurationPlatforms) = preSolution
		Debug|Any CPU = Debug|Any CPU
		Release|Any CPU = Release|Any CPU
	EndGlobalSection
	GlobalSection(ProjectConfigurationPlatforms) = postSolution
		{EDBDDE2B-9ED4-4D2D-A4E5-340D63FF569E}.Debug|Any CPU.ActiveCfg = Debug|Any CPU
		{EDBDDE2B-9ED4-4D2D-A4E5-340D63FF569E}.Debug|Any CPU.Build.0 = Debug|Any CPU
		{EDBDDE2B-9ED4-4D2D-A4E5-340D63FF569E}.Release|Any CPU.ActiveCfg = Release|Any CPU
		{EDBDDE2B-9ED4-4D2D-A4E5-340D63FF569E}.Release|Any CPU.Build.0 = Release|Any CPU
	EndGlobalSection
	GlobalSection(SolutionProperties) = preSolution
		HideSolutionNode = FALSE
	EndGlobalSection
	GlobalSection(ExtensibilityGlobals) = postSolution
		SolutionGuid = {CA70B0B1-8426-4C5C-86A7-48CC4FC4F072}
	EndGlobalSection
EndGlobal
